
Microsoft Visual Studio Solution File, Format Version 12.00
# Visual Studio Version 17
VisualStudioVersion = 17.0.31903.59
MinimumVisualStudioVersion = 10.0.40219.1
Project("{9A19103F-16F7-4668-BE54-9A1E7A4F7556}") = "RedArborAPI.API", "RedArborAPI.API\RedArborAPI.API.csproj", "{5EE89E56-923C-466B-A0E5-5B1FB71F4950}"
EndProject
Project("{9A19103F-16F7-4668-BE54-9A1E7A4F7556}") = "RedArborAPI.Application", "RedArborAPI.Application\RedArborAPI.Application.csproj", "{9BC5FF13-9CE0-418B-AFF2-3A6B01D25AC9}"
EndProject
Project("{9A19103F-16F7-4668-BE54-9A1E7A4F7556}") = "RedArborAPI.Domain", "RedArborAPI.Domain\RedArborAPI.Domain.csproj", "{CD2A1CCF-2A7B-498D-B8C8-08B2636F662F}"
EndProject
Project("{9A19103F-16F7-4668-BE54-9A1E7A4F7556}") = "RedArborAPI.Infrastructure", "RedArborAPI.Infrastructure\RedArborAPI.Infrastructure.csproj", "{07BE7B9B-9F1F-49C3-A44C-475314C6526B}"
EndProject
Project("{FAE04EC0-301F-11D3-BF4B-00C04F79EFBC}") = "RedArborAPI.Tests", "RedArborAPI.Tests\RedArborAPI.Tests.csproj", "{BECDA175-A36E-4A2B-B27C-3ACDB516BF7F}"
EndProject
Global
	GlobalSection(SolutionConfigurationPlatforms) = preSolution
		Debug|Any CPU = Debug|Any CPU
		Release|Any CPU = Release|Any CPU
	EndGlobalSection
	GlobalSection(ProjectConfigurationPlatforms) = postSolution
		{5EE89E56-923C-466B-A0E5-5B1FB71F4950}.Debug|Any CPU.ActiveCfg = Debug|Any CPU
		{5EE89E56-923C-466B-A0E5-5B1FB71F4950}.Debug|Any CPU.Build.0 = Debug|Any CPU
		{5EE89E56-923C-466B-A0E5-5B1FB71F4950}.Release|Any CPU.ActiveCfg = Release|Any CPU
		{5EE89E56-923C-466B-A0E5-5B1FB71F4950}.Release|Any CPU.Build.0 = Release|Any CPU
		{9BC5FF13-9CE0-418B-AFF2-3A6B01D25AC9}.Debug|Any CPU.ActiveCfg = Debug|Any CPU
		{9BC5FF13-9CE0-418B-AFF2-3A6B01D25AC9}.Debug|Any CPU.Build.0 = Debug|Any CPU
		{9BC5FF13-9CE0-418B-AFF2-3A6B01D25AC9}.Release|Any CPU.ActiveCfg = Release|Any CPU
		{9BC5FF13-9CE0-418B-AFF2-3A6B01D25AC9}.Release|Any CPU.Build.0 = Release|Any CPU
		{CD2A1CCF-2A7B-498D-B8C8-08B2636F662F}.Debug|Any CPU.ActiveCfg = Debug|Any CPU
		{CD2A1CCF-2A7B-498D-B8C8-08B2636F662F}.Debug|Any CPU.Build.0 = Debug|Any CPU
		{CD2A1CCF-2A7B-498D-B8C8-08B2636F662F}.Release|Any CPU.ActiveCfg = Release|Any CPU
		{CD2A1CCF-2A7B-498D-B8C8-08B2636F662F}.Release|Any CPU.Build.0 = Release|Any CPU
		{07BE7B9B-9F1F-49C3-A44C-475314C6526B}.Debug|Any CPU.ActiveCfg = Debug|Any CPU
		{07BE7B9B-9F1F-49C3-A44C-475314C6526B}.Debug|Any CPU.Build.0 = Debug|Any CPU
		{07BE7B9B-9F1F-49C3-A44C-475314C6526B}.Release|Any CPU.ActiveCfg = Release|Any CPU
		{07BE7B9B-9F1F-49C3-A44C-475314C6526B}.Release|Any CPU.Build.0 = Release|Any CPU
		{BECDA175-A36E-4A2B-B27C-3ACDB516BF7F}.Debug|Any CPU.ActiveCfg = Debug|Any CPU
		{BECDA175-A36E-4A2B-B27C-3ACDB516BF7F}.Debug|Any CPU.Build.0 = Debug|Any CPU
		{BECDA175-A36E-4A2B-B27C-3ACDB516BF7F}.Release|Any CPU.ActiveCfg = Release|Any CPU
		{BECDA175-A36E-4A2B-B27C-3ACDB516BF7F}.Release|Any CPU.Build.0 = Release|Any CPU
	EndGlobalSection
	GlobalSection(SolutionProperties) = preSolution
		HideSolutionNode = FALSE
	EndGlobalSection
	GlobalSection(ExtensibilityGlobals) = postSolution
		SolutionGuid = {C31D4CF0-27EB-4325-BC9C-E555C3075B4D}
	EndGlobalSection
EndGlobal
